<?xml version="1.0" encoding="utf-8"?>
<Project ToolsVersion="4.0" xmlns="http://schemas.microsoft.com/developer/msbuild/2003">
  <ItemGroup>
    <Filter Include="Source Files">
      <UniqueIdentifier>{f402f4ee-4a0c-4b16-979a-65715fde54fd}</UniqueIdentifier>
      <Extensions>cpp;c;cc;cxx;odl;idl;hpj;bat;asm;asmx</Extensions>
    </Filter>
    <Filter Include="Header Files">
      <UniqueIdentifier>{f6cd8b73-c271-441f-ac40-60a98455019a}</UniqueIdentifier>
      <Extensions>h;hpp;hxx;hm;inl;inc;xsd</Extensions>
    </Filter>
    <Filter Include="Image Files">
      <UniqueIdentifier>{bf233b16-41d1-4837-9d94-84c757aef31a}</UniqueIdentifier>
      <Extensions>ico;cur;bmp;dlg;gif;jpg;jpeg;jpe;tiff;tif;png;wav;</Extensions>
    </Filter>
    <Filter Include="Miscellaneous Files">
      <UniqueIdentifier>{5c25d5a6-bd03-4b66-8cd7-831bffa9ece2}</UniqueIdentifier>
      <Extensions>rc;def;reg;</Extensions>
    </Filter>
  </ItemGroup>
  <ItemGroup>
    <ClInclude Include="inc\scz_credential.h">
      <Filter>Header Files</Filter>
    </ClInclude>
    <ClInclude Include="inc\scz_provider.h">
      <Filter>Header Files</Filter>
    </ClInclude>
    <ClInclude Include="inc\resource.h">
      <Filter>Header Files</Filter>
    </ClInclude>
    <ClInclude Include="..\inc\dll.h">
      <Filter>Header Files</Filter>
    </ClInclude>
    <ClInclude Include="..\inc\guid.h">
      <Filter>Header Files</Filter>
    </ClInclude>
    <ClInclude Include="..\inc\helpers.h">
      <Filter>Header Files</Filter>
    </ClInclude>
    <ClInclude Include="..\inc\debug.h">
      <Filter>Header Files</Filter>
    </ClInclude>
    <ClInclude Include="..\inc\data.h">
      <Filter>Header Files</Filter>
    </ClInclude>
    <ClInclude Include="..\inc\config.h">
      <Filter>Header Files</Filter>
    </ClInclude>
    <ClInclude Include="..\inc\version.h">
      <Filter>Header Files</Filter>
    </ClInclude>
    <ClInclude Include="..\inc\hooks.h">
      <Filter>Header Files</Filter>
    </ClInclude>
    <ClInclude Include="..\inc\scenario_credui.h">
      <Filter>Header Files</Filter>
    </ClInclude>
    <ClInclude Include="..\inc\scenario_unlock_logon.h">
      <Filter>Header Files</Filter>
    </ClInclude>
    <ClInclude Include="..\inc\scenarios.h">
      <Filter>Header Files</Filter>
    </ClInclude>
    <ClInclude Include="..\inc\validate.h">
      <Filter>Header Files</Filter>
    </ClInclude>
    <ClInclude Include="..\inc\field_state_pair.h">
      <Filter>Header Files</Filter>
    </ClInclude>
    <ClInclude Include="..\inc\field_initializor.h">
      <Filter>Header Files</Filter>
    </ClInclude>
  </ItemGroup>
  <ItemGroup>
    <ClCompile Include="cpp\scz_credential.cpp">
      <Filter>Source Files</Filter>
    </ClCompile>
    <ClCompile Include="..\cpp\dll.cpp">
      <Filter>Source Files</Filter>
    </ClCompile>
    <ClCompile Include="..\cpp\guid.cpp">
      <Filter>Source Files</Filter>
    </ClCompile>
    <ClCompile Include="..\cpp\helpers.cpp">
      <Filter>Source Files</Filter>
    </ClCompile>
    <ClCompile Include="cpp\scz_provider.cpp">
      <Filter>Source Files</Filter>
    </ClCompile>
    <ClCompile Include="..\cpp\debug.cpp">
      <Filter>Source Files</Filter>
    </ClCompile>
    <ClCompile Include="..\cpp\data.cpp">
      <Filter>Source Files</Filter>
    </ClCompile>
    <ClCompile Include="..\cpp\config.cpp">
      <Filter>Source Files</Filter>
    </ClCompile>
    <ClCompile Include="..\cpp\hooks.cpp">
      <Filter>Source Files</Filter>
    </ClCompile>
    <ClCompile Include="..\cpp\validate.cpp">
      <Filter>Source Files</Filter>
    </ClCompile>
    <ClCompile Include="..\cpp\scenarios.cpp">
      <Filter>Source Files</Filter>
    </ClCompile>
  </ItemGroup>
  <ItemGroup>
    <ResourceCompile Include="etc\resources.rc">
      <Filter>Miscellaneous Files</Filter>
    </ResourceCompile>
  </ItemGroup>
  <ItemGroup>
    <None Include="etc\unregister.reg">
      <Filter>Miscellaneous Files</Filter>
    </None>
    <None Include="etc\register.reg">
      <Filter>Miscellaneous Files</Filter>
    </None>
    <None Include="SCZ_CP.def">
      <Filter>Miscellaneous Files</Filter>
    </None>
  </ItemGroup>
  <ItemGroup>
    <Image Include="img\tileimage.jpg">
      <Filter>Image Files</Filter>
    </Image>
    <Image Include="img\tileimage2.bmp">
      <Filter>Image Files</Filter>
    </Image>
    <Image Include="img\tileimage.bmp">
      <Filter>Image Files</Filter>
    </Image>
  </ItemGroup>
  <ItemGroup>
    <Text Include="README.md" />
  </ItemGroup>
</Project>